
Microsoft Visual Studio Solution File, Format Version 12.00
# Visual Studio 15
VisualStudioVersion = 15.0.27130.2010
MinimumVisualStudioVersion = 10.0.40219.1
Project("{FAE04EC0-301F-11D3-BF4B-00C04F79EFBC}") = "LeagueOfMonads", "LeagueOfMonads\LeagueOfMonads.csproj", "{A4638A48-3B5D-4CBB-A171-E36A7A5954AC}"
EndProject
Project("{2150E333-8FDC-42A3-9474-1A3956D46DE8}") = "Solution Items", "Solution Items", "{5AB5ECCE-9B84-4D63-8BA8-0011C3492CDA}"
	ProjectSection(SolutionItems) = preProject
		..\README.md = ..\README.md
	EndProjectSection
EndProject
Project("{FAE04EC0-301F-11D3-BF4B-00C04F79EFBC}") = "LeagueOfMonads.Pcl", "LeagueOfMonads.Pcl\LeagueOfMonads.Pcl.csproj", "{170B146E-BDA1-49D7-B219-F7E1753DA222}"
EndProject
Project("{9A19103F-16F7-4668-BE54-9A1E7A4F7556}") = "LeagueOfMonads.Core", "LeagueOfMonads.Core\LeagueOfMonads.Core.csproj", "{FAE37105-63B8-4539-B0CE-D0D8399EB55E}"
EndProject
Project("{D954291E-2A0B-460D-934E-DC6B0785DB48}") = "LeagueOfMonads.Shared", "LeagueOfMonads.Shared\LeagueOfMonads.Shared.shproj", "{E2712CDF-F68B-49EC-BB6D-94BC4C6D1A15}"
EndProject
Project("{9A19103F-16F7-4668-BE54-9A1E7A4F7556}") = "LeagueOfMonads.Tests", "LeagueOfMonads.Tests\LeagueOfMonads.Tests.csproj", "{7D703C92-8928-4882-AFFB-BDB37E330E61}"
EndProject
Global
	GlobalSection(SharedMSBuildProjectFiles) = preSolution
		LeagueOfMonads.Shared\LeagueOfMonads.Shared.projitems*{170b146e-bda1-49d7-b219-f7e1753da222}*SharedItemsImports = 4
		LeagueOfMonads.Shared\LeagueOfMonads.Shared.projitems*{a4638a48-3b5d-4cbb-a171-e36a7a5954ac}*SharedItemsImports = 4
		LeagueOfMonads.Shared\LeagueOfMonads.Shared.projitems*{e2712cdf-f68b-49ec-bb6d-94bc4c6d1a15}*SharedItemsImports = 13
	EndGlobalSection
	GlobalSection(SolutionConfigurationPlatforms) = preSolution
		Debug|Any CPU = Debug|Any CPU
		Release|Any CPU = Release|Any CPU
	EndGlobalSection
	GlobalSection(ProjectConfigurationPlatforms) = postSolution
		{A4638A48-3B5D-4CBB-A171-E36A7A5954AC}.Debug|Any CPU.ActiveCfg = Debug|Any CPU
		{A4638A48-3B5D-4CBB-A171-E36A7A5954AC}.Debug|Any CPU.Build.0 = Debug|Any CPU
		{A4638A48-3B5D-4CBB-A171-E36A7A5954AC}.Release|Any CPU.ActiveCfg = Release|Any CPU
		{A4638A48-3B5D-4CBB-A171-E36A7A5954AC}.Release|Any CPU.Build.0 = Release|Any CPU
		{170B146E-BDA1-49D7-B219-F7E1753DA222}.Debug|Any CPU.ActiveCfg = Debug|Any CPU
		{170B146E-BDA1-49D7-B219-F7E1753DA222}.Debug|Any CPU.Build.0 = Debug|Any CPU
		{170B146E-BDA1-49D7-B219-F7E1753DA222}.Release|Any CPU.ActiveCfg = Release|Any CPU
		{170B146E-BDA1-49D7-B219-F7E1753DA222}.Release|Any CPU.Build.0 = Release|Any CPU
		{FAE37105-63B8-4539-B0CE-D0D8399EB55E}.Debug|Any CPU.ActiveCfg = Debug|Any CPU
		{FAE37105-63B8-4539-B0CE-D0D8399EB55E}.Debug|Any CPU.Build.0 = Debug|Any CPU
		{FAE37105-63B8-4539-B0CE-D0D8399EB55E}.Release|Any CPU.ActiveCfg = Release|Any CPU
		{FAE37105-63B8-4539-B0CE-D0D8399EB55E}.Release|Any CPU.Build.0 = Release|Any CPU
		{7D703C92-8928-4882-AFFB-BDB37E330E61}.Debug|Any CPU.ActiveCfg = Debug|Any CPU
		{7D703C92-8928-4882-AFFB-BDB37E330E61}.Debug|Any CPU.Build.0 = Debug|Any CPU
		{7D703C92-8928-4882-AFFB-BDB37E330E61}.Release|Any CPU.ActiveCfg = Release|Any CPU
		{7D703C92-8928-4882-AFFB-BDB37E330E61}.Release|Any CPU.Build.0 = Release|Any CPU
	EndGlobalSection
	GlobalSection(SolutionProperties) = preSolution
		HideSolutionNode = FALSE
	EndGlobalSection
	GlobalSection(ExtensibilityGlobals) = postSolution
		SolutionGuid = {678FB523-8DEC-4F76-8FC1-E121DD89B37A}
	EndGlobalSection
EndGlobal
